
Microsoft Visual Studio Solution File, Format Version 12.00
# Visual Studio Version 16
VisualStudioVersion = 16.0.30114.105
MinimumVisualStudioVersion = 10.0.40219.1
Project("{FAE04EC0-301F-11D3-BF4B-00C04F79EFBC}") = "API", "API\API.csproj", "{96F29A4F-DB1D-4586-AD15-09E323FBA4BC}"
EndProject
Project("{FAE04EC0-301F-11D3-BF4B-00C04F79EFBC}") = "Application", "Application\Application.csproj", "{79895CDB-2E28-4CBD-B459-B8FFE1CB1511}"
EndProject
Project("{FAE04EC0-301F-11D3-BF4B-00C04F79EFBC}") = "Persistence", "Persistence\Persistence.csproj", "{5784B4A7-00FC-4CF7-BAC0-54A44565F894}"
EndProject
Project("{FAE04EC0-301F-11D3-BF4B-00C04F79EFBC}") = "Domain", "Domain\Domain.csproj", "{D8DD5623-F80E-4DF4-A19E-FF0985CA46B2}"
EndProject
Project("{FAE04EC0-301F-11D3-BF4B-00C04F79EFBC}") = "Infrastructure", "Infrastructure\Infrastructure.csproj", "{1364076E-3239-4783-9B8B-79670DB54502}"
EndProject
Global
	GlobalSection(SolutionConfigurationPlatforms) = preSolution
		Debug|Any CPU = Debug|Any CPU
		Release|Any CPU = Release|Any CPU
	EndGlobalSection
	GlobalSection(SolutionProperties) = preSolution
		HideSolutionNode = FALSE
	EndGlobalSection
	GlobalSection(ProjectConfigurationPlatforms) = postSolution
		{96F29A4F-DB1D-4586-AD15-09E323FBA4BC}.Debug|Any CPU.ActiveCfg = Debug|Any CPU
		{96F29A4F-DB1D-4586-AD15-09E323FBA4BC}.Debug|Any CPU.Build.0 = Debug|Any CPU
		{96F29A4F-DB1D-4586-AD15-09E323FBA4BC}.Release|Any CPU.ActiveCfg = Release|Any CPU
		{96F29A4F-DB1D-4586-AD15-09E323FBA4BC}.Release|Any CPU.Build.0 = Release|Any CPU
		{79895CDB-2E28-4CBD-B459-B8FFE1CB1511}.Debug|Any CPU.ActiveCfg = Debug|Any CPU
		{79895CDB-2E28-4CBD-B459-B8FFE1CB1511}.Debug|Any CPU.Build.0 = Debug|Any CPU
		{79895CDB-2E28-4CBD-B459-B8FFE1CB1511}.Release|Any CPU.ActiveCfg = Release|Any CPU
		{79895CDB-2E28-4CBD-B459-B8FFE1CB1511}.Release|Any CPU.Build.0 = Release|Any CPU
		{5784B4A7-00FC-4CF7-BAC0-54A44565F894}.Debug|Any CPU.ActiveCfg = Debug|Any CPU
		{5784B4A7-00FC-4CF7-BAC0-54A44565F894}.Debug|Any CPU.Build.0 = Debug|Any CPU
		{5784B4A7-00FC-4CF7-BAC0-54A44565F894}.Release|Any CPU.ActiveCfg = Release|Any CPU
		{5784B4A7-00FC-4CF7-BAC0-54A44565F894}.Release|Any CPU.Build.0 = Release|Any CPU
		{D8DD5623-F80E-4DF4-A19E-FF0985CA46B2}.Debug|Any CPU.ActiveCfg = Debug|Any CPU
		{D8DD5623-F80E-4DF4-A19E-FF0985CA46B2}.Debug|Any CPU.Build.0 = Debug|Any CPU
		{D8DD5623-F80E-4DF4-A19E-FF0985CA46B2}.Release|Any CPU.ActiveCfg = Release|Any CPU
		{D8DD5623-F80E-4DF4-A19E-FF0985CA46B2}.Release|Any CPU.Build.0 = Release|Any CPU
		{1364076E-3239-4783-9B8B-79670DB54502}.Debug|Any CPU.ActiveCfg = Debug|Any CPU
		{1364076E-3239-4783-9B8B-79670DB54502}.Debug|Any CPU.Build.0 = Debug|Any CPU
		{1364076E-3239-4783-9B8B-79670DB54502}.Release|Any CPU.ActiveCfg = Release|Any CPU
		{1364076E-3239-4783-9B8B-79670DB54502}.Release|Any CPU.Build.0 = Release|Any CPU
	EndGlobalSection
EndGlobal
